
Microsoft Visual Studio Solution File, Format Version 12.00
# Visual Studio Version 16
VisualStudioVersion = 16.0.29806.167
MinimumVisualStudioVersion = 10.0.40219.1
Project("{FAE04EC0-301F-11D3-BF4B-00C04F79EFBC}") = "QuizingFun.Android", "QuizingFun\QuizingFun.Android\QuizingFun.Android.csproj", "{FA508E6C-F466-499D-9C5F-189BA6ABAE5B}"
EndProject
Project("{9A19103F-16F7-4668-BE54-9A1E7A4F7556}") = "QuizingFun", "QuizingFun\QuizingFun\QuizingFun.csproj", "{6A1DFA70-9D33-4363-9304-7EB15AFD722D}"
EndProject
Project("{2150E333-8FDC-42A3-9474-1A3956D46DE8}") = "Tests", "Tests", "{C09488C1-B089-484C-B35F-6D4937A31BAC}"
EndProject
Project("{FAE04EC0-301F-11D3-BF4B-00C04F79EFBC}") = "QuizzingFun.UITests", "Tests\QuizzingFun.UITests\QuizzingFun.UITests.csproj", "{CA8E35EA-CBBE-4A64-8421-13DC10E0C0FA}"
EndProject
Global
	GlobalSection(SolutionConfigurationPlatforms) = preSolution
		Debug|Any CPU = Debug|Any CPU
		Release|Any CPU = Release|Any CPU
	EndGlobalSection
	GlobalSection(ProjectConfigurationPlatforms) = postSolution
		{FA508E6C-F466-499D-9C5F-189BA6ABAE5B}.Debug|Any CPU.ActiveCfg = Debug|Any CPU
		{FA508E6C-F466-499D-9C5F-189BA6ABAE5B}.Debug|Any CPU.Build.0 = Debug|Any CPU
		{FA508E6C-F466-499D-9C5F-189BA6ABAE5B}.Debug|Any CPU.Deploy.0 = Debug|Any CPU
		{FA508E6C-F466-499D-9C5F-189BA6ABAE5B}.Release|Any CPU.ActiveCfg = Release|Any CPU
		{FA508E6C-F466-499D-9C5F-189BA6ABAE5B}.Release|Any CPU.Build.0 = Release|Any CPU
		{FA508E6C-F466-499D-9C5F-189BA6ABAE5B}.Release|Any CPU.Deploy.0 = Release|Any CPU
		{6A1DFA70-9D33-4363-9304-7EB15AFD722D}.Debug|Any CPU.ActiveCfg = Debug|Any CPU
		{6A1DFA70-9D33-4363-9304-7EB15AFD722D}.Debug|Any CPU.Build.0 = Debug|Any CPU
		{6A1DFA70-9D33-4363-9304-7EB15AFD722D}.Debug|Any CPU.Deploy.0 = Debug|Any CPU
		{6A1DFA70-9D33-4363-9304-7EB15AFD722D}.Release|Any CPU.ActiveCfg = Release|Any CPU
		{6A1DFA70-9D33-4363-9304-7EB15AFD722D}.Release|Any CPU.Build.0 = Release|Any CPU
		{6A1DFA70-9D33-4363-9304-7EB15AFD722D}.Release|Any CPU.Deploy.0 = Release|Any CPU
		{CA8E35EA-CBBE-4A64-8421-13DC10E0C0FA}.Debug|Any CPU.ActiveCfg = Debug|Any CPU
		{CA8E35EA-CBBE-4A64-8421-13DC10E0C0FA}.Debug|Any CPU.Build.0 = Debug|Any CPU
		{CA8E35EA-CBBE-4A64-8421-13DC10E0C0FA}.Release|Any CPU.ActiveCfg = Release|Any CPU
		{CA8E35EA-CBBE-4A64-8421-13DC10E0C0FA}.Release|Any CPU.Build.0 = Release|Any CPU
	EndGlobalSection
	GlobalSection(SolutionProperties) = preSolution
		HideSolutionNode = FALSE
	EndGlobalSection
	GlobalSection(NestedProjects) = preSolution
		{CA8E35EA-CBBE-4A64-8421-13DC10E0C0FA} = {C09488C1-B089-484C-B35F-6D4937A31BAC}
	EndGlobalSection
	GlobalSection(ExtensibilityGlobals) = postSolution
		SolutionGuid = {4FE44479-011B-4CDB-BD87-260DE521EF1B}
	EndGlobalSection
EndGlobal
